
Microsoft Visual Studio Solution File, Format Version 12.00
# Visual Studio 15
VisualStudioVersion = 15.0.28010.2016
MinimumVisualStudioVersion = 10.0.40219.1
Project("{8BC9CEB8-8B4A-11D0-8D11-00A0C91BC942}") = "ch4groupprojectselby combined", "ch4groupprojectselby combined\ch4groupprojectselby combined.vcxproj", "{E96AEB8F-6410-41A9-BD2D-A189EB276190}"
EndProject
Global
	GlobalSection(SolutionConfigurationPlatforms) = preSolution
		Debug|x64 = Debug|x64
		Debug|x86 = Debug|x86
		Release|x64 = Release|x64
		Release|x86 = Release|x86
	EndGlobalSection
	GlobalSection(ProjectConfigurationPlatforms) = postSolution
		{E96AEB8F-6410-41A9-BD2D-A189EB276190}.Debug|x64.ActiveCfg = Debug|x64
		{E96AEB8F-6410-41A9-BD2D-A189EB276190}.Debug|x64.Build.0 = Debug|x64
		{E96AEB8F-6410-41A9-BD2D-A189EB276190}.Debug|x86.ActiveCfg = Debug|Win32
		{E96AEB8F-6410-41A9-BD2D-A189EB276190}.Debug|x86.Build.0 = Debug|Win32
		{E96AEB8F-6410-41A9-BD2D-A189EB276190}.Release|x64.ActiveCfg = Release|x64
		{E96AEB8F-6410-41A9-BD2D-A189EB276190}.Release|x64.Build.0 = Release|x64
		{E96AEB8F-6410-41A9-BD2D-A189EB276190}.Release|x86.ActiveCfg = Release|Win32
		{E96AEB8F-6410-41A9-BD2D-A189EB276190}.Release|x86.Build.0 = Release|Win32
	EndGlobalSection
	GlobalSection(SolutionProperties) = preSolution
		HideSolutionNode = FALSE
	EndGlobalSection
	GlobalSection(ExtensibilityGlobals) = postSolution
		SolutionGuid = {68D4091D-D98F-41DF-A789-F8CAB0A04AF6}
	EndGlobalSection
EndGlobal
